{
    "name": "@jnode/server-ws",
    "version": "1.0.0",
    "lockfileVersion": 3,
    "requires": true,
    "packages": {
        "": {
            "name": "@jnode/server-ws",
            "version": "1.0.0",
            "license": "Apache-2.0",
            "dependencies": {
                "@jnode/websocket": "^1.0.0"
            }
        },
        "node_modules/@jnode/websocket": {
            "version": "1.0.0",
            "resolved": "https://registry.npmjs.org/@jnode/websocket/-/websocket-1.0.0.tgz",
            "integrity": "sha512-vbdoUt/wThBrQ8rV1gCkhC3GoEZG+u7AkuhUha0SQGrtthbsksAkSpsnEwps7mrj9zvsJ8r2BznnsaJaeYX7pQ==",
            "license": "Apache-2.0"
        }
    }
}
